
Microsoft Visual Studio Solution File, Format Version 12.00
# Visual Studio Version 17
VisualStudioVersion = 17.0.31903.59
MinimumVisualStudioVersion = 10.0.40219.1
Project("{FAE04EC0-301F-11D3-BF4B-00C04F79EFBC}") = "InventoryX-Transactional.API", "InventoryX-Transactional.API\InventoryX-Transactional.API.csproj", "{AEEF9680-D75E-417D-83E1-D914FC9296B1}"
EndProject
Project("{FAE04EC0-301F-11D3-BF4B-00C04F79EFBC}") = "InventoryX-Transactional.Data", "InventoryX-Transactional.Data\InventoryX-Transactional.Data.csproj", "{F98E8E17-EB54-429E-B2C5-90968EB655D0}"
EndProject
Project("{FAE04EC0-301F-11D3-BF4B-00C04F79EFBC}") = "InventoryX-Transactional.Repository", "InventoryX-Transactional.Repository\InventoryX-Transactional.Repository.csproj", "{DEB48AE1-B174-47ED-8D88-E67B91F93950}"
EndProject
Project("{FAE04EC0-301F-11D3-BF4B-00C04F79EFBC}") = "InventoryX-Transactional.Services", "InventoryX-Transactional.Services\InventoryX-Transactional.Services.csproj", "{0F4CA5B2-FBA2-4F74-A41E-B1185CC0F9AA}"
EndProject
Global
	GlobalSection(SolutionProperties) = preSolution
		HideSolutionNode = FALSE
	EndGlobalSection
	GlobalSection(SolutionConfigurationPlatforms) = preSolution
		Debug|Any CPU = Debug|Any CPU
		Debug|x64 = Debug|x64
		Debug|x86 = Debug|x86
		Release|Any CPU = Release|Any CPU
		Release|x64 = Release|x64
		Release|x86 = Release|x86
	EndGlobalSection
	GlobalSection(ProjectConfigurationPlatforms) = postSolution
		{AEEF9680-D75E-417D-83E1-D914FC9296B1}.Debug|Any CPU.ActiveCfg = Debug|Any CPU
		{AEEF9680-D75E-417D-83E1-D914FC9296B1}.Debug|Any CPU.Build.0 = Debug|Any CPU
		{AEEF9680-D75E-417D-83E1-D914FC9296B1}.Debug|x64.ActiveCfg = Debug|Any CPU
		{AEEF9680-D75E-417D-83E1-D914FC9296B1}.Debug|x64.Build.0 = Debug|Any CPU
		{AEEF9680-D75E-417D-83E1-D914FC9296B1}.Debug|x86.ActiveCfg = Debug|Any CPU
		{AEEF9680-D75E-417D-83E1-D914FC9296B1}.Debug|x86.Build.0 = Debug|Any CPU
		{AEEF9680-D75E-417D-83E1-D914FC9296B1}.Release|Any CPU.ActiveCfg = Release|Any CPU
		{AEEF9680-D75E-417D-83E1-D914FC9296B1}.Release|Any CPU.Build.0 = Release|Any CPU
		{AEEF9680-D75E-417D-83E1-D914FC9296B1}.Release|x64.ActiveCfg = Release|Any CPU
		{AEEF9680-D75E-417D-83E1-D914FC9296B1}.Release|x64.Build.0 = Release|Any CPU
		{AEEF9680-D75E-417D-83E1-D914FC9296B1}.Release|x86.ActiveCfg = Release|Any CPU
		{AEEF9680-D75E-417D-83E1-D914FC9296B1}.Release|x86.Build.0 = Release|Any CPU
		{F98E8E17-EB54-429E-B2C5-90968EB655D0}.Debug|Any CPU.ActiveCfg = Debug|Any CPU
		{F98E8E17-EB54-429E-B2C5-90968EB655D0}.Debug|Any CPU.Build.0 = Debug|Any CPU
		{F98E8E17-EB54-429E-B2C5-90968EB655D0}.Debug|x64.ActiveCfg = Debug|Any CPU
		{F98E8E17-EB54-429E-B2C5-90968EB655D0}.Debug|x64.Build.0 = Debug|Any CPU
		{F98E8E17-EB54-429E-B2C5-90968EB655D0}.Debug|x86.ActiveCfg = Debug|Any CPU
		{F98E8E17-EB54-429E-B2C5-90968EB655D0}.Debug|x86.Build.0 = Debug|Any CPU
		{F98E8E17-EB54-429E-B2C5-90968EB655D0}.Release|Any CPU.ActiveCfg = Release|Any CPU
		{F98E8E17-EB54-429E-B2C5-90968EB655D0}.Release|Any CPU.Build.0 = Release|Any CPU
		{F98E8E17-EB54-429E-B2C5-90968EB655D0}.Release|x64.ActiveCfg = Release|Any CPU
		{F98E8E17-EB54-429E-B2C5-90968EB655D0}.Release|x64.Build.0 = Release|Any CPU
		{F98E8E17-EB54-429E-B2C5-90968EB655D0}.Release|x86.ActiveCfg = Release|Any CPU
		{F98E8E17-EB54-429E-B2C5-90968EB655D0}.Release|x86.Build.0 = Release|Any CPU
		{DEB48AE1-B174-47ED-8D88-E67B91F93950}.Debug|Any CPU.ActiveCfg = Debug|Any CPU
		{DEB48AE1-B174-47ED-8D88-E67B91F93950}.Debug|Any CPU.Build.0 = Debug|Any CPU
		{DEB48AE1-B174-47ED-8D88-E67B91F93950}.Debug|x64.ActiveCfg = Debug|Any CPU
		{DEB48AE1-B174-47ED-8D88-E67B91F93950}.Debug|x64.Build.0 = Debug|Any CPU
		{DEB48AE1-B174-47ED-8D88-E67B91F93950}.Debug|x86.ActiveCfg = Debug|Any CPU
		{DEB48AE1-B174-47ED-8D88-E67B91F93950}.Debug|x86.Build.0 = Debug|Any CPU
		{DEB48AE1-B174-47ED-8D88-E67B91F93950}.Release|Any CPU.ActiveCfg = Release|Any CPU
		{DEB48AE1-B174-47ED-8D88-E67B91F93950}.Release|Any CPU.Build.0 = Release|Any CPU
		{DEB48AE1-B174-47ED-8D88-E67B91F93950}.Release|x64.ActiveCfg = Release|Any CPU
		{DEB48AE1-B174-47ED-8D88-E67B91F93950}.Release|x64.Build.0 = Release|Any CPU
		{DEB48AE1-B174-47ED-8D88-E67B91F93950}.Release|x86.ActiveCfg = Release|Any CPU
		{DEB48AE1-B174-47ED-8D88-E67B91F93950}.Release|x86.Build.0 = Release|Any CPU
		{0F4CA5B2-FBA2-4F74-A41E-B1185CC0F9AA}.Debug|Any CPU.ActiveCfg = Debug|Any CPU
		{0F4CA5B2-FBA2-4F74-A41E-B1185CC0F9AA}.Debug|Any CPU.Build.0 = Debug|Any CPU
		{0F4CA5B2-FBA2-4F74-A41E-B1185CC0F9AA}.Debug|x64.ActiveCfg = Debug|Any CPU
		{0F4CA5B2-FBA2-4F74-A41E-B1185CC0F9AA}.Debug|x64.Build.0 = Debug|Any CPU
		{0F4CA5B2-FBA2-4F74-A41E-B1185CC0F9AA}.Debug|x86.ActiveCfg = Debug|Any CPU
		{0F4CA5B2-FBA2-4F74-A41E-B1185CC0F9AA}.Debug|x86.Build.0 = Debug|Any CPU
		{0F4CA5B2-FBA2-4F74-A41E-B1185CC0F9AA}.Release|Any CPU.ActiveCfg = Release|Any CPU
		{0F4CA5B2-FBA2-4F74-A41E-B1185CC0F9AA}.Release|Any CPU.Build.0 = Release|Any CPU
		{0F4CA5B2-FBA2-4F74-A41E-B1185CC0F9AA}.Release|x64.ActiveCfg = Release|Any CPU
		{0F4CA5B2-FBA2-4F74-A41E-B1185CC0F9AA}.Release|x64.Build.0 = Release|Any CPU
		{0F4CA5B2-FBA2-4F74-A41E-B1185CC0F9AA}.Release|x86.ActiveCfg = Release|Any CPU
		{0F4CA5B2-FBA2-4F74-A41E-B1185CC0F9AA}.Release|x86.Build.0 = Release|Any CPU
	EndGlobalSection
EndGlobal
